
Microsoft Visual Studio Solution File, Format Version 12.00
# Visual Studio Version 16
VisualStudioVersion = 16.0.30621.155
MinimumVisualStudioVersion = 10.0.40219.1
Project("{FAE04EC0-301F-11D3-BF4B-00C04F79EFBC}") = "uas_pemrograman_komputer", "uas_pemrograman_komputer.csproj", "{514D3E3D-1AC9-4B43-8526-3D8E488063A7}"
EndProject
Global
	GlobalSection(SolutionConfigurationPlatforms) = preSolution
		Debug|Any CPU = Debug|Any CPU
		Release|Any CPU = Release|Any CPU
	EndGlobalSection
	GlobalSection(ProjectConfigurationPlatforms) = postSolution
		{514D3E3D-1AC9-4B43-8526-3D8E488063A7}.Debug|Any CPU.ActiveCfg = Debug|Any CPU
		{514D3E3D-1AC9-4B43-8526-3D8E488063A7}.Debug|Any CPU.Build.0 = Debug|Any CPU
		{514D3E3D-1AC9-4B43-8526-3D8E488063A7}.Release|Any CPU.ActiveCfg = Release|Any CPU
		{514D3E3D-1AC9-4B43-8526-3D8E488063A7}.Release|Any CPU.Build.0 = Release|Any CPU
	EndGlobalSection
	GlobalSection(SolutionProperties) = preSolution
		HideSolutionNode = FALSE
	EndGlobalSection
	GlobalSection(ExtensibilityGlobals) = postSolution
		SolutionGuid = {58EDA073-B0FB-45C8-B316-6EFD750C06AA}
	EndGlobalSection
EndGlobal
